
Microsoft Visual Studio Solution File, Format Version 12.00
# Visual Studio Version 16
VisualStudioVersion = 16.0.33027.164
MinimumVisualStudioVersion = 10.0.40219.1
Project("{FAE04EC0-301F-11D3-BF4B-00C04F79EFBC}") = "Lithp", "Lithp.csproj", "{24FC8399-1855-4C36-92AF-535226490AD0}"
EndProject
Global
	GlobalSection(SolutionConfigurationPlatforms) = preSolution
		Debug|Any CPU = Debug|Any CPU
		Release|Any CPU = Release|Any CPU
	EndGlobalSection
	GlobalSection(ProjectConfigurationPlatforms) = postSolution
		{24FC8399-1855-4C36-92AF-535226490AD0}.Debug|Any CPU.ActiveCfg = Debug|Any CPU
		{24FC8399-1855-4C36-92AF-535226490AD0}.Debug|Any CPU.Build.0 = Debug|Any CPU
		{24FC8399-1855-4C36-92AF-535226490AD0}.Release|Any CPU.ActiveCfg = Release|Any CPU
		{24FC8399-1855-4C36-92AF-535226490AD0}.Release|Any CPU.Build.0 = Release|Any CPU
	EndGlobalSection
	GlobalSection(SolutionProperties) = preSolution
		HideSolutionNode = FALSE
	EndGlobalSection
	GlobalSection(ExtensibilityGlobals) = postSolution
		SolutionGuid = {FDE60700-7211-4923-B2C2-FC2A06986CFA}
	EndGlobalSection
EndGlobal
